// !$*UTF8*$!
{
	archiveVersion = 1;
	classes = {
	};
	objectVersion = 50;
	objects = {

/* Begin PBXBuildFile section */
		915DAB7023374A20000930C1 /* AppDelegate.swift in Sources */ = {isa = PBXBuildFile; fileRef = 915DAB6F23374A20000930C1 /* AppDelegate.swift */; };
		915DAB7223374A20000930C1 /* SceneDelegate.swift in Sources */ = {isa = PBXBuildFile; fileRef = 915DAB7123374A20000930C1 /* SceneDelegate.swift */; };
		915DAB7423374A20000930C1 /* ViewController.swift in Sources */ = {isa = PBXBuildFile; fileRef = 915DAB7323374A20000930C1 /* ViewController.swift */; };
		915DAB7723374A20000930C1 /* Main.storyboard in Resources */ = {isa = PBXBuildFile; fileRef = 915DAB7523374A20000930C1 /* Main.storyboard */; };
		915DAB7923374A21000930C1 /* Assets.xcassets in Resources */ = {isa = PBXBuildFile; fileRef = 915DAB7823374A21000930C1 /* Assets.xcassets */; };
		915DAB7C23374A21000930C1 /* LaunchScreen.storyboard in Resources */ = {isa = PBXBuildFile; fileRef = 915DAB7A23374A21000930C1 /* LaunchScreen.storyboard */; };
		915DAB8723374A21000930C1 /* bingebotTests.swift in Sources */ = {isa = PBXBuildFile; fileRef = 915DAB8623374A21000930C1 /* bingebotTests.swift */; };
		915DAB9223374A22000930C1 /* bingebotUITests.swift in Sources */ = {isa = PBXBuildFile; fileRef = 915DAB9123374A22000930C1 /* bingebotUITests.swift */; };
/* End PBXBuildFile section */

/* Begin PBXContainerItemProxy section */
		915DAB8323374A21000930C1 /* PBXContainerItemProxy */ = {
			isa = PBXContainerItemProxy;
			containerPortal = 915DAB6423374A20000930C1 /* Project object */;
			proxyType = 1;
			remoteGlobalIDString = 915DAB6B23374A20000930C1;
			remoteInfo = bingebot;
		};
		915DAB8E23374A22000930C1 /* PBXContainerItemProxy */ = {
			isa = PBXContainerItemProxy;
			containerPortal = 915DAB6423374A20000930C1 /* Project object */;
			proxyType = 1;
			remoteGlobalIDString = 915DAB6B23374A20000930C1;
			remoteInfo = bingebot;
		};
/* End PBXContainerItemProxy section */

/* Begin PBXFileReference section */
		915DAB6C23374A20000930C1 /* bingebot.app */ = {isa = PBXFileReference; explicitFileType = wrapper.application; includeInIndex = 0; path = bingebot.app; sourceTree = BUILT_PRODUCTS_DIR; };
		915DAB6F23374A20000930C1 /* AppDelegate.swift */ = {isa = PBXFileReference; lastKnownFileType = sourcecode.swift; path = AppDelegate.swift; sourceTree = "<group>"; };
		915DAB7123374A20000930C1 /* SceneDelegate.swift */ = {isa = PBXFileReference; lastKnownFileType = sourcecode.swift; path = SceneDelegate.swift; sourceTree = "<group>"; };
		915DAB7323374A20000930C1 /* ViewController.swift */ = {isa = PBXFileReference; lastKnownFileType = sourcecode.swift; path = ViewController.swift; sourceTree = "<group>"; };
		915DAB7623374A20000930C1 /* Base */ = {isa = PBXFileReference; lastKnownFileType = file.storyboard; name = Base; path = Base.lproj/Main.storyboard; sourceTree = "<group>"; };
		915DAB7823374A21000930C1 /* Assets.xcassets */ = {isa = PBXFileReference; lastKnownFileType = folder.assetcatalog; path = Assets.xcassets; sourceTree = "<group>"; };
		915DAB7B23374A21000930C1 /* Base */ = {isa = PBXFileReference; lastKnownFileType = file.storyboard; name = Base; path = Base.lproj/LaunchScreen.storyboard; sourceTree = "<group>"; };
		915DAB7D23374A21000930C1 /* Info.plist */ = {isa = PBXFileReference; lastKnownFileType = text.plist.xml; path = Info.plist; sourceTree = "<group>"; };
		915DAB8223374A21000930C1 /* bingebotTests.xctest */ = {isa = PBXFileReference; explicitFileType = wrapper.cfbundle; includeInIndex = 0; path = bingebotTests.xctest; sourceTree = BUILT_PRODUCTS_DIR; };
		915DAB8623374A21000930C1 /* bingebotTests.swift */ = {isa = PBXFileReference; lastKnownFileType = sourcecode.swift; path = bingebotTests.swift; sourceTree = "<group>"; };
		915DAB8823374A21000930C1 /* Info.plist */ = {isa = PBXFileReference; lastKnownFileType = text.plist.xml; path = Info.plist; sourceTree = "<group>"; };
		915DAB8D23374A22000930C1 /* bingebotUITests.xctest */ = {isa = PBXFileReference; explicitFileType = wrapper.cfbundle; includeInIndex = 0; path = bingebotUITests.xctest; sourceTree = BUILT_PRODUCTS_DIR; };
		915DAB9123374A22000930C1 /* bingebotUITests.swift */ = {isa = PBXFileReference; lastKnownFileType = sourcecode.swift; path = bingebotUITests.swift; sourceTree = "<group>"; };
		915DAB9323374A22000930C1 /* Info.plist */ = {isa = PBXFileReference; lastKnownFileType = text.plist.xml; path = Info.plist; sourceTree = "<group>"; };
/* End PBXFileReference section */

/* Begin PBXFrameworksBuildPhase section */
		915DAB6923374A20000930C1 /* Frameworks */ = {
			isa = PBXFrameworksBuildPhase;
			buildActionMask = 2147483647;
			files = (
			);
			runOnlyForDeploymentPostprocessing = 0;
		};
		915DAB7F23374A21000930C1 /* Frameworks */ = {
			isa = PBXFrameworksBuildPhase;
			buildActionMask = 2147483647;
			files = (
			);
			runOnlyForDeploymentPostprocessing = 0;
		};
		915DAB8A23374A22000930C1 /* Frameworks */ = {
			isa = PBXFrameworksBuildPhase;
			buildActionMask = 2147483647;
			files = (
			);
			runOnlyForDeploymentPostprocessing = 0;
		};
/* End PBXFrameworksBuildPhase section */

/* Begin PBXGroup section */
		915DAB6323374A20000930C1 = {
			isa = PBXGroup;
			children = (
				915DAB6E23374A20000930C1 /* bingebot */,
				915DAB8523374A21000930C1 /* bingebotTests */,
				915DAB9023374A22000930C1 /* bingebotUITests */,
				915DAB6D23374A20000930C1 /* Products */,
			);
			sourceTree = "<group>";
		};
		915DAB6D23374A20000930C1 /* Products */ = {
			isa = PBXGroup;
			children = (
				915DAB6C23374A20000930C1 /* bingebot.app */,
				915DAB8223374A21000930C1 /* bingebotTests.xctest */,
				915DAB8D23374A22000930C1 /* bingebotUITests.xctest */,
			);
			name = Products;
			sourceTree = "<group>";
		};
		915DAB6E23374A20000930C1 /* bingebot */ = {
			isa = PBXGroup;
			children = (
				915DAB6F23374A20000930C1 /* AppDelegate.swift */,
				915DAB7123374A20000930C1 /* SceneDelegate.swift */,
				915DAB7323374A20000930C1 /* ViewController.swift */,
				915DAB7523374A20000930C1 /* Main.storyboard */,
				915DAB7823374A21000930C1 /* Assets.xcassets */,
				915DAB7A23374A21000930C1 /* LaunchScreen.storyboard */,
				915DAB7D23374A21000930C1 /* Info.plist */,
			);
			path = bingebot;
			sourceTree = "<group>";
		};
		915DAB8523374A21000930C1 /* bingebotTests */ = {
			isa = PBXGroup;
			children = (
				915DAB8623374A21000930C1 /* bingebotTests.swift */,
				915DAB8823374A21000930C1 /* Info.plist */,
			);
			path = bingebotTests;
			sourceTree = "<group>";
		};
		915DAB9023374A22000930C1 /* bingebotUITests */ = {
			isa = PBXGroup;
			children = (
				915DAB9123374A22000930C1 /* bingebotUITests.swift */,
				915DAB9323374A22000930C1 /* Info.plist */,
			);
			path = bingebotUITests;
			sourceTree = "<group>";
		};
/* End PBXGroup section */

/* Begin PBXNativeTarget section */
		915DAB6B23374A20000930C1 /* bingebot */ = {
			isa = PBXNativeTarget;
			buildConfigurationList = 915DAB9623374A22000930C1 /* Build configuration list for PBXNativeTarget "bingebot" */;
			buildPhases = (
				915DAB6823374A20000930C1 /* Sources */,
				915DAB6923374A20000930C1 /* Frameworks */,
				915DAB6A23374A20000930C1 /* Resources */,
			);
			buildRules = (
			);
			dependencies = (
			);
			name = bingebot;
			productName = bingebot;
			productReference = 915DAB6C23374A20000930C1 /* bingebot.app */;
			productType = "com.apple.product-type.application";
		};
		915DAB8123374A21000930C1 /* bingebotTests */ = {
			isa = PBXNativeTarget;
			buildConfigurationList = 915DAB9923374A22000930C1 /* Build configuration list for PBXNativeTarget "bingebotTests" */;
			buildPhases = (
				915DAB7E23374A21000930C1 /* Sources */,
				915DAB7F23374A21000930C1 /* Frameworks */,
				915DAB8023374A21000930C1 /* Resources */,
			);
			buildRules = (
			);
			dependencies = (
				915DAB8423374A21000930C1 /* PBXTargetDependency */,
			);
			name = bingebotTests;
			productName = bingebotTests;
			productReference = 915DAB8223374A21000930C1 /* bingebotTests.xctest */;
			productType = "com.apple.product-type.bundle.unit-test";
		};
		915DAB8C23374A22000930C1 /* bingebotUITests */ = {
			isa = PBXNativeTarget;
			buildConfigurationList = 915DAB9C23374A22000930C1 /* Build configuration list for PBXNativeTarget "bingebotUITests" */;
			buildPhases = (
				915DAB8923374A22000930C1 /* Sources */,
				915DAB8A23374A22000930C1 /* Frameworks */,
				915DAB8B23374A22000930C1 /* Resources */,
			);
			buildRules = (
			);
			dependencies = (
				915DAB8F23374A22000930C1 /* PBXTargetDependency */,
			);
			name = bingebotUITests;
			productName = bingebotUITests;
			productReference = 915DAB8D23374A22000930C1 /* bingebotUITests.xctest */;
			productType = "com.apple.product-type.bundle.ui-testing";
		};
/* End PBXNativeTarget section */

/* Begin PBXProject section */
		915DAB6423374A20000930C1 /* Project object */ = {
			isa = PBXProject;
			attributes = {
				LastSwiftUpdateCheck = 1100;
				LastUpgradeCheck = 1100;
				ORGANIZATIONNAME = "薮本崇仁";
				TargetAttributes = {
					915DAB6B23374A20000930C1 = {
						CreatedOnToolsVersion = 11.0;
					};
					915DAB8123374A21000930C1 = {
						CreatedOnToolsVersion = 11.0;
						TestTargetID = 915DAB6B23374A20000930C1;
					};
					915DAB8C23374A22000930C1 = {
						CreatedOnToolsVersion = 11.0;
						TestTargetID = 915DAB6B23374A20000930C1;
					};
				};
			};
			buildConfigurationList = 915DAB6723374A20000930C1 /* Build configuration list for PBXProject "bingebot" */;
			compatibilityVersion = "Xcode 9.3";
			developmentRegion = en;
			hasScannedForEncodings = 0;
			knownRegions = (
				en,
				Base,
			);
			mainGroup = 915DAB6323374A20000930C1;
			productRefGroup = 915DAB6D23374A20000930C1 /* Products */;
			projectDirPath = "";
			projectRoot = "";
			targets = (
				915DAB6B23374A20000930C1 /* bingebot */,
				915DAB8123374A21000930C1 /* bingebotTests */,
				915DAB8C23374A22000930C1 /* bingebotUITests */,
			);
		};
/* End PBXProject section */

/* Begin PBXResourcesBuildPhase section */
		915DAB6A23374A20000930C1 /* Resources */ = {
			isa = PBXResourcesBuildPhase;
			buildActionMask = 2147483647;
			files = (
				915DAB7C23374A21000930C1 /* LaunchScreen.storyboard in Resources */,
				915DAB7923374A21000930C1 /* Assets.xcassets in Resources */,
				915DAB7723374A20000930C1 /* Main.storyboard in Resources */,
			);
			runOnlyForDeploymentPostprocessing = 0;
		};
		915DAB8023374A21000930C1 /* Resources */ = {
			isa = PBXResourcesBuildPhase;
			buildActionMask = 2147483647;
			files = (
			);
			runOnlyForDeploymentPostprocessing = 0;
		};
		915DAB8B23374A22000930C1 /* Resources */ = {
			isa = PBXResourcesBuildPhase;
			buildActionMask = 2147483647;
			files = (
			);
			runOnlyForDeploymentPostprocessing = 0;
		};
/* End PBXResourcesBuildPhase section */

/* Begin PBXSourcesBuildPhase section */
		915DAB6823374A20000930C1 /* Sources */ = {
			isa = PBXSourcesBuildPhase;
			buildActionMask = 2147483647;
			files = (
				915DAB7423374A20000930C1 /* ViewController.swift in Sources */,
				915DAB7023374A20000930C1 /* AppDelegate.swift in Sources */,
				915DAB7223374A20000930C1 /* SceneDelegate.swift in Sources */,
			);
			runOnlyForDeploymentPostprocessing = 0;
		};
		915DAB7E23374A21000930C1 /* Sources */ = {
			isa = PBXSourcesBuildPhase;
			buildActionMask = 2147483647;
			files = (
				915DAB8723374A21000930C1 /* bingebotTests.swift in Sources */,
			);
			runOnlyForDeploymentPostprocessing = 0;
		};
		915DAB8923374A22000930C1 /* Sources */ = {
			isa = PBXSourcesBuildPhase;
			buildActionMask = 2147483647;
			files = (
				915DAB9223374A22000930C1 /* bingebotUITests.swift in Sources */,
			);
			runOnlyForDeploymentPostprocessing = 0;
		};
/* End PBXSourcesBuildPhase section */

/* Begin PBXTargetDependency section */
		915DAB8423374A21000930C1 /* PBXTargetDependency */ = {
			isa = PBXTargetDependency;
			target = 915DAB6B23374A20000930C1 /* bingebot */;
			targetProxy = 915DAB8323374A21000930C1 /* PBXContainerItemProxy */;
		};
		915DAB8F23374A22000930C1 /* PBXTargetDependency */ = {
			isa = PBXTargetDependency;
			target = 915DAB6B23374A20000930C1 /* bingebot */;
			targetProxy = 915DAB8E23374A22000930C1 /* PBXContainerItemProxy */;
		};
/* End PBXTargetDependency section */

/* Begin PBXVariantGroup section */
		915DAB7523374A20000930C1 /* Main.storyboard */ = {
			isa = PBXVariantGroup;
			children = (
				915DAB7623374A20000930C1 /* Base */,
			);
			name = Main.storyboard;
			sourceTree = "<group>";
		};
		915DAB7A23374A21000930C1 /* LaunchScreen.storyboard */ = {
			isa = PBXVariantGroup;
			children = (
				915DAB7B23374A21000930C1 /* Base */,
			);
			name = LaunchScreen.storyboard;
			sourceTree = "<group>";
		};
/* End PBXVariantGroup section */

/* Begin XCBuildConfiguration section */
		915DAB9423374A22000930C1 /* Debug */ = {
			isa = XCBuildConfiguration;
			buildSettings = {
				ALWAYS_SEARCH_USER_PATHS = NO;
				CLANG_ANALYZER_NONNULL = YES;
				CLANG_ANALYZER_NUMBER_OBJECT_CONVERSION = YES_AGGRESSIVE;
				CLANG_CXX_LANGUAGE_STANDARD = "gnu++14";
				CLANG_CXX_LIBRARY = "libc++";
				CLANG_ENABLE_MODULES = YES;
				CLANG_ENABLE_OBJC_ARC = YES;
				CLANG_ENABLE_OBJC_WEAK = YES;
				CLANG_WARN_BLOCK_CAPTURE_AUTORELEASING = YES;
				CLANG_WARN_BOOL_CONVERSION = YES;
				CLANG_WARN_COMMA = YES;
				CLANG_WARN_CONSTANT_CONVERSION = YES;
				CLANG_WARN_DEPRECATED_OBJC_IMPLEMENTATIONS = YES;
				CLANG_WARN_DIRECT_OBJC_ISA_USAGE = YES_ERROR;
				CLANG_WARN_DOCUMENTATION_COMMENTS = YES;
				CLANG_WARN_EMPTY_BODY = YES;
				CLANG_WARN_ENUM_CONVERSION = YES;
				CLANG_WARN_INFINITE_RECURSION = YES;
				CLANG_WARN_INT_CONVERSION = YES;
				CLANG_WARN_NON_LITERAL_NULL_CONVERSION = YES;
				CLANG_WARN_OBJC_IMPLICIT_RETAIN_SELF = YES;
				CLANG_WARN_OBJC_LITERAL_CONVERSION = YES;
				CLANG_WARN_OBJC_ROOT_CLASS = YES_ERROR;
				CLANG_WARN_RANGE_LOOP_ANALYSIS = YES;
				CLANG_WARN_STRICT_PROTOTYPES = YES;
				CLANG_WARN_SUSPICIOUS_MOVE = YES;
				CLANG_WARN_UNGUARDED_AVAILABILITY = YES_AGGRESSIVE;
				CLANG_WARN_UNREACHABLE_CODE = YES;
				CLANG_WARN__DUPLICATE_METHOD_MATCH = YES;
				COPY_PHASE_STRIP = NO;
				DEBUG_INFORMATION_FORMAT = dwarf;
				ENABLE_STRICT_OBJC_MSGSEND = YES;
				ENABLE_TESTABILITY = YES;
				GCC_C_LANGUAGE_STANDARD = gnu11;
				GCC_DYNAMIC_NO_PIC = NO;
				GCC_NO_COMMON_BLOCKS = YES;
				GCC_OPTIMIZATION_LEVEL = 0;
				GCC_PREPROCESSOR_DEFINITIONS = (
					"DEBUG=1",
					"$(inherited)",
				);
				GCC_WARN_64_TO_32_BIT_CONVERSION = YES;
				GCC_WARN_ABOUT_RETURN_TYPE = YES_ERROR;
				GCC_WARN_UNDECLARED_SELECTOR = YES;
				GCC_WARN_UNINITIALIZED_AUTOS = YES_AGGRESSIVE;
				GCC_WARN_UNUSED_FUNCTION = YES;
				GCC_WARN_UNUSED_VARIABLE = YES;
				IPHONEOS_DEPLOYMENT_TARGET = 13.0;
				MTL_ENABLE_DEBUG_INFO = INCLUDE_SOURCE;
				MTL_FAST_MATH = YES;
				ONLY_ACTIVE_ARCH = YES;
				SDKROOT = iphoneos;
				SWIFT_ACTIVE_COMPILATION_CONDITIONS = DEBUG;
				SWIFT_OPTIMIZATION_LEVEL = "-Onone";
			};
			name = Debug;
		};
		915DAB9523374A22000930C1 /* Release */ = {
			isa = XCBuildConfiguration;
			buildSettings = {
				ALWAYS_SEARCH_USER_PATHS = NO;
				CLANG_ANALYZER_NONNULL = YES;
				CLANG_ANALYZER_NUMBER_OBJECT_CONVERSION = YES_AGGRESSIVE;
				CLANG_CXX_LANGUAGE_STANDARD = "gnu++14";
				CLANG_CXX_LIBRARY = "libc++";
				CLANG_ENABLE_MODULES = YES;
				CLANG_ENABLE_OBJC_ARC = YES;
				CLANG_ENABLE_OBJC_WEAK = YES;
				CLANG_WARN_BLOCK_CAPTURE_AUTORELEASING = YES;
				CLANG_WARN_BOOL_CONVERSION = YES;
				CLANG_WARN_COMMA = YES;
				CLANG_WARN_CONSTANT_CONVERSION = YES;
				CLANG_WARN_DEPRECATED_OBJC_IMPLEMENTATIONS = YES;
				CLANG_WARN_DIRECT_OBJC_ISA_USAGE = YES_ERROR;
				CLANG_WARN_DOCUMENTATION_COMMENTS = YES;
				CLANG_WARN_EMPTY_BODY = YES;
				CLANG_WARN_ENUM_CONVERSION = YES;
				CLANG_WARN_INFINITE_RECURSION = YES;
				CLANG_WARN_INT_CONVERSION = YES;
				CLANG_WARN_NON_LITERAL_NULL_CONVERSION = YES;
				CLANG_WARN_OBJC_IMPLICIT_RETAIN_SELF = YES;
				CLANG_WARN_OBJC_LITERAL_CONVERSION = YES;
				CLANG_WARN_OBJC_ROOT_CLASS = YES_ERROR;
				CLANG_WARN_RANGE_LOOP_ANALYSIS = YES;
				CLANG_WARN_STRICT_PROTOTYPES = YES;
				CLANG_WARN_SUSPICIOUS_MOVE = YES;
				CLANG_WARN_UNGUARDED_AVAILABILITY = YES_AGGRESSIVE;
				CLANG_WARN_UNREACHABLE_CODE = YES;
				CLANG_WARN__DUPLICATE_METHOD_MATCH = YES;
				COPY_PHASE_STRIP = NO;
				DEBUG_INFORMATION_FORMAT = "dwarf-with-dsym";
				ENABLE_NS_ASSERTIONS = NO;
				ENABLE_STRICT_OBJC_MSGSEND = YES;
				GCC_C_LANGUAGE_STANDARD = gnu11;
				GCC_NO_COMMON_BLOCKS = YES;
				GCC_WARN_64_TO_32_BIT_CONVERSION = YES;
				GCC_WARN_ABOUT_RETURN_TYPE = YES_ERROR;
				GCC_WARN_UNDECLARED_SELECTOR = YES;
				GCC_WARN_UNINITIALIZED_AUTOS = YES_AGGRESSIVE;
				GCC_WARN_UNUSED_FUNCTION = YES;
				GCC_WARN_UNUSED_VARIABLE = YES;
				IPHONEOS_DEPLOYMENT_TARGET = 13.0;
				MTL_ENABLE_DEBUG_INFO = NO;
				MTL_FAST_MATH = YES;
				SDKROOT = iphoneos;
				SWIFT_COMPILATION_MODE = wholemodule;
				SWIFT_OPTIMIZATION_LEVEL = "-O";
				VALIDATE_PRODUCT = YES;
			};
			name = Release;
		};
		915DAB9723374A22000930C1 /* Debug */ = {
			isa = XCBuildConfiguration;
			buildSettings = {
				ASSETCATALOG_COMPILER_APPICON_NAME = AppIcon;
				CODE_SIGN_STYLE = Automatic;
				INFOPLIST_FILE = bingebot/Info.plist;
				LD_RUNPATH_SEARCH_PATHS = (
					"$(inherited)",
					"@executable_path/Frameworks",
				);
				PRODUCT_BUNDLE_IDENTIFIER = com.bingebot;
				PRODUCT_NAME = "$(TARGET_NAME)";
				SWIFT_VERSION = 5.0;
				TARGETED_DEVICE_FAMILY = "1,2";
			};
			name = Debug;
		};
		915DAB9823374A22000930C1 /* Release */ = {
			isa = XCBuildConfiguration;
			buildSettings = {
				ASSETCATALOG_COMPILER_APPICON_NAME = AppIcon;
				CODE_SIGN_STYLE = Automatic;
				INFOPLIST_FILE = bingebot/Info.plist;
				LD_RUNPATH_SEARCH_PATHS = (
					"$(inherited)",
					"@executable_path/Frameworks",
				);
				PRODUCT_BUNDLE_IDENTIFIER = com.bingebot;
				PRODUCT_NAME = "$(TARGET_NAME)";
				SWIFT_VERSION = 5.0;
				TARGETED_DEVICE_FAMILY = "1,2";
			};
			name = Release;
		};
		915DAB9A23374A22000930C1 /* Debug */ = {
			isa = XCBuildConfiguration;
			buildSettings = {
				ALWAYS_EMBED_SWIFT_STANDARD_LIBRARIES = YES;
				BUNDLE_LOADER = "$(TEST_HOST)";
				CODE_SIGN_STYLE = Automatic;
				INFOPLIST_FILE = bingebotTests/Info.plist;
				IPHONEOS_DEPLOYMENT_TARGET = 13.0;
				LD_RUNPATH_SEARCH_PATHS = (
					"$(inherited)",
					"@executable_path/Frameworks",
					"@loader_path/Frameworks",
				);
				PRODUCT_BUNDLE_IDENTIFIER = com.bingebotTests;
				PRODUCT_NAME = "$(TARGET_NAME)";
				SWIFT_VERSION = 5.0;
				TARGETED_DEVICE_FAMILY = "1,2";
				TEST_HOST = "$(BUILT_PRODUCTS_DIR)/bingebot.app/bingebot";
			};
			name = Debug;
		};
		915DAB9B23374A22000930C1 /* Release */ = {
			isa = XCBuildConfiguration;
			buildSettings = {
				ALWAYS_EMBED_SWIFT_STANDARD_LIBRARIES = YES;
				BUNDLE_LOADER = "$(TEST_HOST)";
				CODE_SIGN_STYLE = Automatic;
				INFOPLIST_FILE = bingebotTests/Info.plist;
				IPHONEOS_DEPLOYMENT_TARGET = 13.0;
				LD_RUNPATH_SEARCH_PATHS = (
					"$(inherited)",
					"@executable_path/Frameworks",
					"@loader_path/Frameworks",
				);
				PRODUCT_BUNDLE_IDENTIFIER = com.bingebotTests;
				PRODUCT_NAME = "$(TARGET_NAME)";
				SWIFT_VERSION = 5.0;
				TARGETED_DEVICE_FAMILY = "1,2";
				TEST_HOST = "$(BUILT_PRODUCTS_DIR)/bingebot.app/bingebot";
			};
			name = Release;
		};
		915DAB9D23374A22000930C1 /* Debug */ = {
			isa = XCBuildConfiguration;
			buildSettings = {
				ALWAYS_EMBED_SWIFT_STANDARD_LIBRARIES = YES;
				CODE_SIGN_STYLE = Automatic;
				INFOPLIST_FILE = bingebotUITests/Info.plist;
				LD_RUNPATH_SEARCH_PATHS = (
					"$(inherited)",
					"@executable_path/Frameworks",
					"@loader_path/Frameworks",
				);
				PRODUCT_BUNDLE_IDENTIFIER = com.bingebotUITests;
				PRODUCT_NAME = "$(TARGET_NAME)";
				SWIFT_VERSION = 5.0;
				TARGETED_DEVICE_FAMILY = "1,2";
				TEST_TARGET_NAME = bingebot;
			};
			name = Debug;
		};
		915DAB9E23374A22000930C1 /* Release */ = {
			isa = XCBuildConfiguration;
			buildSettings = {
				ALWAYS_EMBED_SWIFT_STANDARD_LIBRARIES = YES;
				CODE_SIGN_STYLE = Automatic;
				INFOPLIST_FILE = bingebotUITests/Info.plist;
				LD_RUNPATH_SEARCH_PATHS = (
					"$(inherited)",
					"@executable_path/Frameworks",
					"@loader_path/Frameworks",
				);
				PRODUCT_BUNDLE_IDENTIFIER = com.bingebotUITests;
				PRODUCT_NAME = "$(TARGET_NAME)";
				SWIFT_VERSION = 5.0;
				TARGETED_DEVICE_FAMILY = "1,2";
				TEST_TARGET_NAME = bingebot;
			};
			name = Release;
		};
/* End XCBuildConfiguration section */

/* Begin XCConfigurationList section */
		915DAB6723374A20000930C1 /* Build configuration list for PBXProject "bingebot" */ = {
			isa = XCConfigurationList;
			buildConfigurations = (
				915DAB9423374A22000930C1 /* Debug */,
				915DAB9523374A22000930C1 /* Release */,
			);
			defaultConfigurationIsVisible = 0;
			defaultConfigurationName = Release;
		};
		915DAB9623374A22000930C1 /* Build configuration list for PBXNativeTarget "bingebot" */ = {
			isa = XCConfigurationList;
			buildConfigurations = (
				915DAB9723374A22000930C1 /* Debug */,
				915DAB9823374A22000930C1 /* Release */,
			);
			defaultConfigurationIsVisible = 0;
			defaultConfigurationName = Release;
		};
		915DAB9923374A22000930C1 /* Build configuration list for PBXNativeTarget "bingebotTests" */ = {
			isa = XCConfigurationList;
			buildConfigurations = (
				915DAB9A23374A22000930C1 /* Debug */,
				915DAB9B23374A22000930C1 /* Release */,
			);
			defaultConfigurationIsVisible = 0;
			defaultConfigurationName = Release;
		};
		915DAB9C23374A22000930C1 /* Build configuration list for PBXNativeTarget "bingebotUITests" */ = {
			isa = XCConfigurationList;
			buildConfigurations = (
				915DAB9D23374A22000930C1 /* Debug */,
				915DAB9E23374A22000930C1 /* Release */,
			);
			defaultConfigurationIsVisible = 0;
			defaultConfigurationName = Release;
		};
/* End XCConfigurationList section */
	};
	rootObject = 915DAB6423374A20000930C1 /* Project object */;
}
